
Microsoft Visual Studio Solution File, Format Version 12.00
# Visual Studio Version 17
VisualStudioVersion = 17.0.31912.275
MinimumVisualStudioVersion = 10.0.40219.1
Project("{FAE04EC0-301F-11D3-BF4B-00C04F79EFBC}") = "WebProQuiz2", "WebProQuiz2\WebProQuiz2.csproj", "{7DF76246-AA9F-490F-92D0-BE02A7D04967}"
EndProject
Global
	GlobalSection(SolutionConfigurationPlatforms) = preSolution
		Debug|Any CPU = Debug|Any CPU
		Release|Any CPU = Release|Any CPU
	EndGlobalSection
	GlobalSection(ProjectConfigurationPlatforms) = postSolution
		{7DF76246-AA9F-490F-92D0-BE02A7D04967}.Debug|Any CPU.ActiveCfg = Debug|Any CPU
		{7DF76246-AA9F-490F-92D0-BE02A7D04967}.Debug|Any CPU.Build.0 = Debug|Any CPU
		{7DF76246-AA9F-490F-92D0-BE02A7D04967}.Release|Any CPU.ActiveCfg = Release|Any CPU
		{7DF76246-AA9F-490F-92D0-BE02A7D04967}.Release|Any CPU.Build.0 = Release|Any CPU
	EndGlobalSection
	GlobalSection(SolutionProperties) = preSolution
		HideSolutionNode = FALSE
	EndGlobalSection
	GlobalSection(ExtensibilityGlobals) = postSolution
		SolutionGuid = {4D5E3BD6-42DB-44AB-99E3-5DDF9F8E805B}
	EndGlobalSection
EndGlobal
